// !$*UTF8*$!
{
	archiveVersion = 1;
	classes = {
	};
	objectVersion = 56;
	objects = {

/* Begin PBXBuildFile section */
		081276482BADAD30003613BC /* Date+Ext.swift in Sources */ = {isa = PBXBuildFile; fileRef = 081276472BADAD30003613BC /* Date+Ext.swift */; };
		084441712BA5B7D80002C517 /* SecureWeatherKey.swift in Sources */ = {isa = PBXBuildFile; fileRef = 084441702BA5B7D80002C517 /* SecureWeatherKey.swift */; };
		084441B42BA7319F0002C517 /* ForecastData.swift in Sources */ = {isa = PBXBuildFile; fileRef = 084441B32BA7319F0002C517 /* ForecastData.swift */; };
		084441B62BA731B20002C517 /* ForecastModel.swift in Sources */ = {isa = PBXBuildFile; fileRef = 084441B52BA731B20002C517 /* ForecastModel.swift */; };
		084441BA2BA732010002C517 /* ForecastNetworkManager.swift in Sources */ = {isa = PBXBuildFile; fileRef = 084441B92BA732010002C517 /* ForecastNetworkManager.swift */; };
		084441BE2BA737970002C517 /* ForecastAPI.swift in Sources */ = {isa = PBXBuildFile; fileRef = 084441BD2BA737970002C517 /* ForecastAPI.swift */; };
		084441C02BA737AD0002C517 /* SecureForecastKey.swift in Sources */ = {isa = PBXBuildFile; fileRef = 084441BF2BA737AD0002C517 /* SecureForecastKey.swift */; };
		084441C72BA86E150002C517 /* pulse+Ext.swift in Sources */ = {isa = PBXBuildFile; fileRef = 084441C62BA86E150002C517 /* pulse+Ext.swift */; };
		08D5B9E32BA433B30067153D /* AppDelegate.swift in Sources */ = {isa = PBXBuildFile; fileRef = 08D5B9E22BA433B30067153D /* AppDelegate.swift */; };
		08D5B9E52BA433B30067153D /* SceneDelegate.swift in Sources */ = {isa = PBXBuildFile; fileRef = 08D5B9E42BA433B30067153D /* SceneDelegate.swift */; };
		08D5B9E72BA433B30067153D /* ViewController.swift in Sources */ = {isa = PBXBuildFile; fileRef = 08D5B9E62BA433B30067153D /* ViewController.swift */; };
		08D5B9EA2BA433B30067153D /* Base in Resources */ = {isa = PBXBuildFile; fileRef = 08D5B9E92BA433B30067153D /* Base */; };
		08D5B9EC2BA433B40067153D /* Assets.xcassets in Resources */ = {isa = PBXBuildFile; fileRef = 08D5B9EB2BA433B40067153D /* Assets.xcassets */; };
		08D5B9EF2BA433B40067153D /* Base in Resources */ = {isa = PBXBuildFile; fileRef = 08D5B9EE2BA433B40067153D /* Base */; };
		08D5B9F72BA433E80067153D /* WeatherAPI.swift in Sources */ = {isa = PBXBuildFile; fileRef = 08D5B9F62BA433E80067153D /* WeatherAPI.swift */; };
		08D5B9F92BA443580067153D /* WeatherNetworkManager.swift in Sources */ = {isa = PBXBuildFile; fileRef = 08D5B9F82BA443580067153D /* WeatherNetworkManager.swift */; };
		08D5B9FB2BA4492A0067153D /* WeatherData.swift in Sources */ = {isa = PBXBuildFile; fileRef = 08D5B9FA2BA4492A0067153D /* WeatherData.swift */; };
		08D5B9FE2BA452980067153D /* WeatherModel.swift in Sources */ = {isa = PBXBuildFile; fileRef = 08D5B9FD2BA452980067153D /* WeatherModel.swift */; };
/* End PBXBuildFile section */

/* Begin PBXFileReference section */
		081276472BADAD30003613BC /* Date+Ext.swift */ = {isa = PBXFileReference; lastKnownFileType = sourcecode.swift; path = "Date+Ext.swift"; sourceTree = "<group>"; };
		084441702BA5B7D80002C517 /* SecureWeatherKey.swift */ = {isa = PBXFileReference; lastKnownFileType = sourcecode.swift; path = SecureWeatherKey.swift; sourceTree = "<group>"; };
		084441B32BA7319F0002C517 /* ForecastData.swift */ = {isa = PBXFileReference; lastKnownFileType = sourcecode.swift; path = ForecastData.swift; sourceTree = "<group>"; };
		084441B52BA731B20002C517 /* ForecastModel.swift */ = {isa = PBXFileReference; lastKnownFileType = sourcecode.swift; path = ForecastModel.swift; sourceTree = "<group>"; };
		084441B92BA732010002C517 /* ForecastNetworkManager.swift */ = {isa = PBXFileReference; lastKnownFileType = sourcecode.swift; path = ForecastNetworkManager.swift; sourceTree = "<group>"; };
		084441BD2BA737970002C517 /* ForecastAPI.swift */ = {isa = PBXFileReference; lastKnownFileType = sourcecode.swift; path = ForecastAPI.swift; sourceTree = "<group>"; };
		084441BF2BA737AD0002C517 /* SecureForecastKey.swift */ = {isa = PBXFileReference; lastKnownFileType = sourcecode.swift; path = SecureForecastKey.swift; sourceTree = "<group>"; };
		084441C62BA86E150002C517 /* pulse+Ext.swift */ = {isa = PBXFileReference; lastKnownFileType = sourcecode.swift; path = "pulse+Ext.swift"; sourceTree = "<group>"; };
		08D5B9DF2BA433B30067153D /* Weather app.app */ = {isa = PBXFileReference; explicitFileType = wrapper.application; includeInIndex = 0; path = "Weather app.app"; sourceTree = BUILT_PRODUCTS_DIR; };
		08D5B9E22BA433B30067153D /* AppDelegate.swift */ = {isa = PBXFileReference; lastKnownFileType = sourcecode.swift; path = AppDelegate.swift; sourceTree = "<group>"; };
		08D5B9E42BA433B30067153D /* SceneDelegate.swift */ = {isa = PBXFileReference; lastKnownFileType = sourcecode.swift; path = SceneDelegate.swift; sourceTree = "<group>"; };
		08D5B9E62BA433B30067153D /* ViewController.swift */ = {isa = PBXFileReference; lastKnownFileType = sourcecode.swift; path = ViewController.swift; sourceTree = "<group>"; };
		08D5B9E92BA433B30067153D /* Base */ = {isa = PBXFileReference; lastKnownFileType = file.storyboard; name = Base; path = Base.lproj/Main.storyboard; sourceTree = "<group>"; };
		08D5B9EB2BA433B40067153D /* Assets.xcassets */ = {isa = PBXFileReference; lastKnownFileType = folder.assetcatalog; path = Assets.xcassets; sourceTree = "<group>"; };
		08D5B9EE2BA433B40067153D /* Base */ = {isa = PBXFileReference; lastKnownFileType = file.storyboard; name = Base; path = Base.lproj/LaunchScreen.storyboard; sourceTree = "<group>"; };
		08D5B9F02BA433B40067153D /* Info.plist */ = {isa = PBXFileReference; lastKnownFileType = text.plist.xml; path = Info.plist; sourceTree = "<group>"; };
		08D5B9F62BA433E80067153D /* WeatherAPI.swift */ = {isa = PBXFileReference; lastKnownFileType = sourcecode.swift; path = WeatherAPI.swift; sourceTree = "<group>"; };
		08D5B9F82BA443580067153D /* WeatherNetworkManager.swift */ = {isa = PBXFileReference; lastKnownFileType = sourcecode.swift; path = WeatherNetworkManager.swift; sourceTree = "<group>"; };
		08D5B9FA2BA4492A0067153D /* WeatherData.swift */ = {isa = PBXFileReference; lastKnownFileType = sourcecode.swift; path = WeatherData.swift; sourceTree = "<group>"; };
		08D5B9FD2BA452980067153D /* WeatherModel.swift */ = {isa = PBXFileReference; lastKnownFileType = sourcecode.swift; path = WeatherModel.swift; sourceTree = "<group>"; };
/* End PBXFileReference section */

/* Begin PBXFrameworksBuildPhase section */
		08D5B9DC2BA433B30067153D /* Frameworks */ = {
			isa = PBXFrameworksBuildPhase;
			buildActionMask = 2147483647;
			files = (
			);
			runOnlyForDeploymentPostprocessing = 0;
		};
/* End PBXFrameworksBuildPhase section */

/* Begin PBXGroup section */
		084441B72BA731BB0002C517 /* Weather */ = {
			isa = PBXGroup;
			children = (
				08D5B9F82BA443580067153D /* WeatherNetworkManager.swift */,
				08D5B9FD2BA452980067153D /* WeatherModel.swift */,
				08D5B9FA2BA4492A0067153D /* WeatherData.swift */,
			);
			path = Weather;
			sourceTree = "<group>";
		};
		084441B82BA731DE0002C517 /* Forecast */ = {
			isa = PBXGroup;
			children = (
				084441B92BA732010002C517 /* ForecastNetworkManager.swift */,
				084441B52BA731B20002C517 /* ForecastModel.swift */,
				084441B32BA7319F0002C517 /* ForecastData.swift */,
			);
			path = Forecast;
			sourceTree = "<group>";
		};
		084441BB2BA7377D0002C517 /* Weather */ = {
			isa = PBXGroup;
			children = (
				08D5B9F62BA433E80067153D /* WeatherAPI.swift */,
				084441702BA5B7D80002C517 /* SecureWeatherKey.swift */,
			);
			path = Weather;
			sourceTree = "<group>";
		};
		084441BC2BA737860002C517 /* Forecast */ = {
			isa = PBXGroup;
			children = (
				084441BD2BA737970002C517 /* ForecastAPI.swift */,
				084441BF2BA737AD0002C517 /* SecureForecastKey.swift */,
			);
			path = Forecast;
			sourceTree = "<group>";
		};
		084441C12BA7F3B10002C517 /* Extensions */ = {
			isa = PBXGroup;
			children = (
				084441C62BA86E150002C517 /* pulse+Ext.swift */,
				081276472BADAD30003613BC /* Date+Ext.swift */,
			);
			path = Extensions;
			sourceTree = "<group>";
		};
		08D5B9D62BA433B30067153D = {
			isa = PBXGroup;
			children = (
				08D5B9E12BA433B30067153D /* Weather app */,
				08D5B9E02BA433B30067153D /* Products */,
			);
			sourceTree = "<group>";
		};
		08D5B9E02BA433B30067153D /* Products */ = {
			isa = PBXGroup;
			children = (
				08D5B9DF2BA433B30067153D /* Weather app.app */,
			);
			name = Products;
			sourceTree = "<group>";
		};
		08D5B9E12BA433B30067153D /* Weather app */ = {
			isa = PBXGroup;
			children = (
				084441C12BA7F3B10002C517 /* Extensions */,
				08D5BA022BA46E560067153D /* Support */,
				08D5BA012BA46E450067153D /* Utilities */,
				08D5B9FC2BA4527B0067153D /* Model */,
				08D5B9FF2BA46E180067153D /* Screen */,
				08D5BA002BA46E2A0067153D /* Controller */,
				08D5B9F02BA433B40067153D /* Info.plist */,
			);
			path = "Weather app";
			sourceTree = "<group>";
		};
		08D5B9FC2BA4527B0067153D /* Model */ = {
			isa = PBXGroup;
			children = (
				084441B72BA731BB0002C517 /* Weather */,
				084441B82BA731DE0002C517 /* Forecast */,
			);
			path = Model;
			sourceTree = "<group>";
		};
		08D5B9FF2BA46E180067153D /* Screen */ = {
			isa = PBXGroup;
			children = (
				08D5B9E82BA433B30067153D /* Main.storyboard */,
			);
			path = Screen;
			sourceTree = "<group>";
		};
		08D5BA002BA46E2A0067153D /* Controller */ = {
			isa = PBXGroup;
			children = (
				08D5B9E62BA433B30067153D /* ViewController.swift */,
			);
			path = Controller;
			sourceTree = "<group>";
		};
		08D5BA012BA46E450067153D /* Utilities */ = {
			isa = PBXGroup;
			children = (
				084441BC2BA737860002C517 /* Forecast */,
				084441BB2BA7377D0002C517 /* Weather */,
			);
			path = Utilities;
			sourceTree = "<group>";
		};
		08D5BA022BA46E560067153D /* Support */ = {
			isa = PBXGroup;
			children = (
				08D5B9E42BA433B30067153D /* SceneDelegate.swift */,
				08D5B9E22BA433B30067153D /* AppDelegate.swift */,
				08D5B9ED2BA433B40067153D /* LaunchScreen.storyboard */,
				08D5B9EB2BA433B40067153D /* Assets.xcassets */,
			);
			path = Support;
			sourceTree = "<group>";
		};
/* End PBXGroup section */

/* Begin PBXNativeTarget section */
		08D5B9DE2BA433B30067153D /* Weather app */ = {
			isa = PBXNativeTarget;
			buildConfigurationList = 08D5B9F32BA433B40067153D /* Build configuration list for PBXNativeTarget "Weather app" */;
			buildPhases = (
				08D5B9DB2BA433B30067153D /* Sources */,
				08D5B9DC2BA433B30067153D /* Frameworks */,
				08D5B9DD2BA433B30067153D /* Resources */,
			);
			buildRules = (
			);
			dependencies = (
			);
			name = "Weather app";
			productName = "Weather app";
			productReference = 08D5B9DF2BA433B30067153D /* Weather app.app */;
			productType = "com.apple.product-type.application";
		};
/* End PBXNativeTarget section */

/* Begin PBXProject section */
		08D5B9D72BA433B30067153D /* Project object */ = {
			isa = PBXProject;
			attributes = {
				BuildIndependentTargetsInParallel = 1;
				LastSwiftUpdateCheck = 1530;
				LastUpgradeCheck = 1530;
				TargetAttributes = {
					08D5B9DE2BA433B30067153D = {
						CreatedOnToolsVersion = 15.3;
					};
				};
			};
			buildConfigurationList = 08D5B9DA2BA433B30067153D /* Build configuration list for PBXProject "Weather app" */;
			compatibilityVersion = "Xcode 14.0";
			developmentRegion = en;
			hasScannedForEncodings = 0;
			knownRegions = (
				en,
				Base,
			);
			mainGroup = 08D5B9D62BA433B30067153D;
			productRefGroup = 08D5B9E02BA433B30067153D /* Products */;
			projectDirPath = "";
			projectRoot = "";
			targets = (
				08D5B9DE2BA433B30067153D /* Weather app */,
			);
		};
/* End PBXProject section */

/* Begin PBXResourcesBuildPhase section */
		08D5B9DD2BA433B30067153D /* Resources */ = {
			isa = PBXResourcesBuildPhase;
			buildActionMask = 2147483647;
			files = (
				08D5B9EC2BA433B40067153D /* Assets.xcassets in Resources */,
				08D5B9EF2BA433B40067153D /* Base in Resources */,
				08D5B9EA2BA433B30067153D /* Base in Resources */,
			);
			runOnlyForDeploymentPostprocessing = 0;
		};
/* End PBXResourcesBuildPhase section */

/* Begin PBXSourcesBuildPhase section */
		08D5B9DB2BA433B30067153D /* Sources */ = {
			isa = PBXSourcesBuildPhase;
			buildActionMask = 2147483647;
			files = (
				08D5B9E72BA433B30067153D /* ViewController.swift in Sources */,
				084441BE2BA737970002C517 /* ForecastAPI.swift in Sources */,
				08D5B9E32BA433B30067153D /* AppDelegate.swift in Sources */,
				08D5B9F92BA443580067153D /* WeatherNetworkManager.swift in Sources */,
				084441712BA5B7D80002C517 /* SecureWeatherKey.swift in Sources */,
				08D5B9FE2BA452980067153D /* WeatherModel.swift in Sources */,
				084441C72BA86E150002C517 /* pulse+Ext.swift in Sources */,
				08D5B9F72BA433E80067153D /* WeatherAPI.swift in Sources */,
				084441C02BA737AD0002C517 /* SecureForecastKey.swift in Sources */,
				081276482BADAD30003613BC /* Date+Ext.swift in Sources */,
				08D5B9FB2BA4492A0067153D /* WeatherData.swift in Sources */,
				084441B42BA7319F0002C517 /* ForecastData.swift in Sources */,
				084441B62BA731B20002C517 /* ForecastModel.swift in Sources */,
				08D5B9E52BA433B30067153D /* SceneDelegate.swift in Sources */,
				084441BA2BA732010002C517 /* ForecastNetworkManager.swift in Sources */,
			);
			runOnlyForDeploymentPostprocessing = 0;
		};
/* End PBXSourcesBuildPhase section */

/* Begin PBXVariantGroup section */
		08D5B9E82BA433B30067153D /* Main.storyboard */ = {
			isa = PBXVariantGroup;
			children = (
				08D5B9E92BA433B30067153D /* Base */,
			);
			name = Main.storyboard;
			sourceTree = "<group>";
		};
		08D5B9ED2BA433B40067153D /* LaunchScreen.storyboard */ = {
			isa = PBXVariantGroup;
			children = (
				08D5B9EE2BA433B40067153D /* Base */,
			);
			name = LaunchScreen.storyboard;
			sourceTree = "<group>";
		};
/* End PBXVariantGroup section */

/* Begin XCBuildConfiguration section */
		08D5B9F12BA433B40067153D /* Debug */ = {
			isa = XCBuildConfiguration;
			buildSettings = {
				ALWAYS_SEARCH_USER_PATHS = NO;
				ASSETCATALOG_COMPILER_GENERATE_SWIFT_ASSET_SYMBOL_EXTENSIONS = YES;
				CLANG_ANALYZER_NONNULL = YES;
				CLANG_ANALYZER_NUMBER_OBJECT_CONVERSION = YES_AGGRESSIVE;
				CLANG_CXX_LANGUAGE_STANDARD = "gnu++20";
				CLANG_ENABLE_MODULES = YES;
				CLANG_ENABLE_OBJC_ARC = YES;
				CLANG_ENABLE_OBJC_WEAK = YES;
				CLANG_WARN_BLOCK_CAPTURE_AUTORELEASING = YES;
				CLANG_WARN_BOOL_CONVERSION = YES;
				CLANG_WARN_COMMA = YES;
				CLANG_WARN_CONSTANT_CONVERSION = YES;
				CLANG_WARN_DEPRECATED_OBJC_IMPLEMENTATIONS = YES;
				CLANG_WARN_DIRECT_OBJC_ISA_USAGE = YES_ERROR;
				CLANG_WARN_DOCUMENTATION_COMMENTS = YES;
				CLANG_WARN_EMPTY_BODY = YES;
				CLANG_WARN_ENUM_CONVERSION = YES;
				CLANG_WARN_INFINITE_RECURSION = YES;
				CLANG_WARN_INT_CONVERSION = YES;
				CLANG_WARN_NON_LITERAL_NULL_CONVERSION = YES;
				CLANG_WARN_OBJC_IMPLICIT_RETAIN_SELF = YES;
				CLANG_WARN_OBJC_LITERAL_CONVERSION = YES;
				CLANG_WARN_OBJC_ROOT_CLASS = YES_ERROR;
				CLANG_WARN_QUOTED_INCLUDE_IN_FRAMEWORK_HEADER = YES;
				CLANG_WARN_RANGE_LOOP_ANALYSIS = YES;
				CLANG_WARN_STRICT_PROTOTYPES = YES;
				CLANG_WARN_SUSPICIOUS_MOVE = YES;
				CLANG_WARN_UNGUARDED_AVAILABILITY = YES_AGGRESSIVE;
				CLANG_WARN_UNREACHABLE_CODE = YES;
				CLANG_WARN__DUPLICATE_METHOD_MATCH = YES;
				COPY_PHASE_STRIP = NO;
				DEBUG_INFORMATION_FORMAT = dwarf;
				ENABLE_STRICT_OBJC_MSGSEND = YES;
				ENABLE_TESTABILITY = YES;
				ENABLE_USER_SCRIPT_SANDBOXING = YES;
				GCC_C_LANGUAGE_STANDARD = gnu17;
				GCC_DYNAMIC_NO_PIC = NO;
				GCC_NO_COMMON_BLOCKS = YES;
				GCC_OPTIMIZATION_LEVEL = 0;
				GCC_PREPROCESSOR_DEFINITIONS = (
					"DEBUG=1",
					"$(inherited)",
				);
				GCC_WARN_64_TO_32_BIT_CONVERSION = YES;
				GCC_WARN_ABOUT_RETURN_TYPE = YES_ERROR;
				GCC_WARN_UNDECLARED_SELECTOR = YES;
				GCC_WARN_UNINITIALIZED_AUTOS = YES_AGGRESSIVE;
				GCC_WARN_UNUSED_FUNCTION = YES;
				GCC_WARN_UNUSED_VARIABLE = YES;
				IPHONEOS_DEPLOYMENT_TARGET = 17.4;
				LOCALIZATION_PREFERS_STRING_CATALOGS = YES;
				MTL_ENABLE_DEBUG_INFO = INCLUDE_SOURCE;
				MTL_FAST_MATH = YES;
				ONLY_ACTIVE_ARCH = YES;
				SDKROOT = iphoneos;
				SWIFT_ACTIVE_COMPILATION_CONDITIONS = "DEBUG $(inherited)";
				SWIFT_OPTIMIZATION_LEVEL = "-Onone";
			};
			name = Debug;
		};
		08D5B9F22BA433B40067153D /* Release */ = {
			isa = XCBuildConfiguration;
			buildSettings = {
				ALWAYS_SEARCH_USER_PATHS = NO;
				ASSETCATALOG_COMPILER_GENERATE_SWIFT_ASSET_SYMBOL_EXTENSIONS = YES;
				CLANG_ANALYZER_NONNULL = YES;
				CLANG_ANALYZER_NUMBER_OBJECT_CONVERSION = YES_AGGRESSIVE;
				CLANG_CXX_LANGUAGE_STANDARD = "gnu++20";
				CLANG_ENABLE_MODULES = YES;
				CLANG_ENABLE_OBJC_ARC = YES;
				CLANG_ENABLE_OBJC_WEAK = YES;
				CLANG_WARN_BLOCK_CAPTURE_AUTORELEASING = YES;
				CLANG_WARN_BOOL_CONVERSION = YES;
				CLANG_WARN_COMMA = YES;
				CLANG_WARN_CONSTANT_CONVERSION = YES;
				CLANG_WARN_DEPRECATED_OBJC_IMPLEMENTATIONS = YES;
				CLANG_WARN_DIRECT_OBJC_ISA_USAGE = YES_ERROR;
				CLANG_WARN_DOCUMENTATION_COMMENTS = YES;
				CLANG_WARN_EMPTY_BODY = YES;
				CLANG_WARN_ENUM_CONVERSION = YES;
				CLANG_WARN_INFINITE_RECURSION = YES;
				CLANG_WARN_INT_CONVERSION = YES;
				CLANG_WARN_NON_LITERAL_NULL_CONVERSION = YES;
				CLANG_WARN_OBJC_IMPLICIT_RETAIN_SELF = YES;
				CLANG_WARN_OBJC_LITERAL_CONVERSION = YES;
				CLANG_WARN_OBJC_ROOT_CLASS = YES_ERROR;
				CLANG_WARN_QUOTED_INCLUDE_IN_FRAMEWORK_HEADER = YES;
				CLANG_WARN_RANGE_LOOP_ANALYSIS = YES;
				CLANG_WARN_STRICT_PROTOTYPES = YES;
				CLANG_WARN_SUSPICIOUS_MOVE = YES;
				CLANG_WARN_UNGUARDED_AVAILABILITY = YES_AGGRESSIVE;
				CLANG_WARN_UNREACHABLE_CODE = YES;
				CLANG_WARN__DUPLICATE_METHOD_MATCH = YES;
				COPY_PHASE_STRIP = NO;
				DEBUG_INFORMATION_FORMAT = "dwarf-with-dsym";
				ENABLE_NS_ASSERTIONS = NO;
				ENABLE_STRICT_OBJC_MSGSEND = YES;
				ENABLE_USER_SCRIPT_SANDBOXING = YES;
				GCC_C_LANGUAGE_STANDARD = gnu17;
				GCC_NO_COMMON_BLOCKS = YES;
				GCC_WARN_64_TO_32_BIT_CONVERSION = YES;
				GCC_WARN_ABOUT_RETURN_TYPE = YES_ERROR;
				GCC_WARN_UNDECLARED_SELECTOR = YES;
				GCC_WARN_UNINITIALIZED_AUTOS = YES_AGGRESSIVE;
				GCC_WARN_UNUSED_FUNCTION = YES;
				GCC_WARN_UNUSED_VARIABLE = YES;
				IPHONEOS_DEPLOYMENT_TARGET = 17.4;
				LOCALIZATION_PREFERS_STRING_CATALOGS = YES;
				MTL_ENABLE_DEBUG_INFO = NO;
				MTL_FAST_MATH = YES;
				SDKROOT = iphoneos;
				SWIFT_COMPILATION_MODE = wholemodule;
				VALIDATE_PRODUCT = YES;
			};
			name = Release;
		};
		08D5B9F42BA433B40067153D /* Debug */ = {
			isa = XCBuildConfiguration;
			buildSettings = {
				ASSETCATALOG_COMPILER_APPICON_NAME = AppIcon;
				ASSETCATALOG_COMPILER_GLOBAL_ACCENT_COLOR_NAME = AccentColor;
				CODE_SIGN_STYLE = Automatic;
				CURRENT_PROJECT_VERSION = 1;
				DEVELOPMENT_TEAM = 4HM89MKD36;
				GENERATE_INFOPLIST_FILE = YES;
				INFOPLIST_FILE = "Weather app/Info.plist";
				INFOPLIST_KEY_NSLocationWhenInUseUsageDescription = "We need your location to get the current weather for where you are.";
				INFOPLIST_KEY_UIApplicationSupportsIndirectInputEvents = YES;
				INFOPLIST_KEY_UILaunchStoryboardName = LaunchScreen;
				INFOPLIST_KEY_UIMainStoryboardFile = Main;
				INFOPLIST_KEY_UISupportedInterfaceOrientations_iPad = "UIInterfaceOrientationPortrait UIInterfaceOrientationPortraitUpsideDown UIInterfaceOrientationLandscapeLeft UIInterfaceOrientationLandscapeRight";
				INFOPLIST_KEY_UISupportedInterfaceOrientations_iPhone = "UIInterfaceOrientationPortrait UIInterfaceOrientationLandscapeLeft UIInterfaceOrientationLandscapeRight";
				LD_RUNPATH_SEARCH_PATHS = (
					"$(inherited)",
					"@executable_path/Frameworks",
				);
				MARKETING_VERSION = 1.0;
				PRODUCT_BUNDLE_IDENTIFIER = "food.com.Weather-app";
				PRODUCT_NAME = "$(TARGET_NAME)";
				SWIFT_EMIT_LOC_STRINGS = YES;
				SWIFT_VERSION = 5.0;
				TARGETED_DEVICE_FAMILY = "1,2";
			};
			name = Debug;
		};
		08D5B9F52BA433B40067153D /* Release */ = {
			isa = XCBuildConfiguration;
			buildSettings = {
				ASSETCATALOG_COMPILER_APPICON_NAME = AppIcon;
				ASSETCATALOG_COMPILER_GLOBAL_ACCENT_COLOR_NAME = AccentColor;
				CODE_SIGN_STYLE = Automatic;
				CURRENT_PROJECT_VERSION = 1;
				DEVELOPMENT_TEAM = 4HM89MKD36;
				GENERATE_INFOPLIST_FILE = YES;
				INFOPLIST_FILE = "Weather app/Info.plist";
				INFOPLIST_KEY_NSLocationWhenInUseUsageDescription = "We need your location to get the current weather for where you are.";
				INFOPLIST_KEY_UIApplicationSupportsIndirectInputEvents = YES;
				INFOPLIST_KEY_UILaunchStoryboardName = LaunchScreen;
				INFOPLIST_KEY_UIMainStoryboardFile = Main;
				INFOPLIST_KEY_UISupportedInterfaceOrientations_iPad = "UIInterfaceOrientationPortrait UIInterfaceOrientationPortraitUpsideDown UIInterfaceOrientationLandscapeLeft UIInterfaceOrientationLandscapeRight";
				INFOPLIST_KEY_UISupportedInterfaceOrientations_iPhone = "UIInterfaceOrientationPortrait UIInterfaceOrientationLandscapeLeft UIInterfaceOrientationLandscapeRight";
				LD_RUNPATH_SEARCH_PATHS = (
					"$(inherited)",
					"@executable_path/Frameworks",
				);
				MARKETING_VERSION = 1.0;
				PRODUCT_BUNDLE_IDENTIFIER = "food.com.Weather-app";
				PRODUCT_NAME = "$(TARGET_NAME)";
				SWIFT_EMIT_LOC_STRINGS = YES;
				SWIFT_VERSION = 5.0;
				TARGETED_DEVICE_FAMILY = "1,2";
			};
			name = Release;
		};
/* End XCBuildConfiguration section */

/* Begin XCConfigurationList section */
		08D5B9DA2BA433B30067153D /* Build configuration list for PBXProject "Weather app" */ = {
			isa = XCConfigurationList;
			buildConfigurations = (
				08D5B9F12BA433B40067153D /* Debug */,
				08D5B9F22BA433B40067153D /* Release */,
			);
			defaultConfigurationIsVisible = 0;
			defaultConfigurationName = Release;
		};
		08D5B9F32BA433B40067153D /* Build configuration list for PBXNativeTarget "Weather app" */ = {
			isa = XCConfigurationList;
			buildConfigurations = (
				08D5B9F42BA433B40067153D /* Debug */,
				08D5B9F52BA433B40067153D /* Release */,
			);
			defaultConfigurationIsVisible = 0;
			defaultConfigurationName = Release;
		};
/* End XCConfigurationList section */
	};
	rootObject = 08D5B9D72BA433B30067153D /* Project object */;
}
